{
  "nodes": {
    "nixos-hardware": {
      "locked": {
        "lastModified": 1608918390,
        "narHash": "sha256-Ztx7egQQyF4RtWFKaZiytvZF1Yzk4R2GZ7c5r1/JjPw=",
        "owner": "NixOS",
        "repo": "nixos-hardware",
        "rev": "c242378e63b0ec334e964ac0c0fbbdd2b3e89ebf",
        "type": "github"
      },
      "original": {
        "owner": "NixOS",
        "ref": "master",
        "repo": "nixos-hardware",
        "type": "github"
      }
    },
    "nixpkgs": {
      "locked": {
        "lastModified": 1609202487,
        "narHash": "sha256-GBcErIGPds6/tYHglMwf+JeDwMfaOaLkoUqHczbv2GA=",
        "type": "git",
        "url": "file:///home/rok/dev/nixos/nixpkgs"
      },
      "original": {
        "owner": "NixOS",
        "ref": "nixos-unstable",
        "repo": "nixpkgs",
        "type": "github"
      }
    },
    "root": {
      "inputs": {
        "nixos-hardware": "nixos-hardware",
        "nixpkgs": "nixpkgs"
      }
    }
  },
  "root": "root",
  "version": 7
}
