{
  "lockfile-version": 1,
  "manifest": {
    "version": 1,
    "install": {
      "_1password-cli": {
        "pkg-path": "_1password-cli",
        "pkg-group": "op-cli"
      },
      "_1password-gui": {
        "pkg-path": "_1password-gui",
        "pkg-group": "op-gui"
      },
      "jq": {
        "pkg-path": "jq"
      },
      "mac-app-util": {
        "flake": "github:hraban/mac-app-util"
      },
      "ripgrep": {
        "pkg-path": "ripgrep"
      }
    },
    "vars": {
      "SECRETS_TO_LOAD": "ANTROPIC_API_KEY OPENAI_API_KEY"
    },
    "hook": {
      "on-activate": "\necho \"🔑 Loading secrets from 1Password\"\n\nfor account in $(op account list | cut -d\\  -f1 | rg -v URL); do\n  echo \" 󰐊 Signing to $account account\"\n  eval $(op signin --account $account)\ndone\n\nSECRETS=$(op item get Terminal --format json --account my.1password.com)\n\nfor secret in $SECRETS_TO_LOAD; do\n  echo \" 󰐊 Exporting $secret secret\"\n  export $secret=$(echo $SECRETS| jq -r '.fields[] | select(.label == \"ANTROPIC_API_KEY\") | .value')\ndone\n\nunset SECRETS\nunset SECRETS_TO_LOAD\n\n"
    },
    "profile": {},
    "options": {
      "systems": [
        "aarch64-darwin"
      ],
      "allow": {
        "licenses": []
      },
      "semver": {}
    }
  },
  "packages": [
    {
      "attr_path": "_1password-cli",
      "broken": false,
      "derivation": "/nix/store/x4baka2lhxz8ljxqmxya7s98bf3khayf-1password-cli-2.30.3.drv",
      "description": "1Password command-line tool",
      "install_id": "_1password-cli",
      "license": "Unfree",
      "locked_url": "https://github.com/flox/nixpkgs?rev=799ba5bffed04ced7067a91798353d360788b30d",
      "name": "1password-cli-2.30.3",
      "pname": "_1password-cli",
      "rev": "799ba5bffed04ced7067a91798353d360788b30d",
      "rev_count": 747653,
      "rev_date": "2025-02-04T14:46:40Z",
      "scrape_date": "2025-02-05T00:30:07Z",
      "stabilities": [
        "unstable"
      ],
      "unfree": true,
      "version": "1password-cli-2.30.3",
      "outputs_to_install": [
        "out"
      ],
      "outputs": {
        "out": "/nix/store/w73v66msf4agaks802sylgx1175l33g1-1password-cli-2.30.3"
      },
      "system": "aarch64-darwin",
      "group": "op-cli",
      "priority": 5
    },
    {
      "attr_path": "_1password-gui",
      "broken": false,
      "derivation": "/nix/store/648b27chqn0ncwbav37xgiw63zv5yfkv-1password-8.10.36.drv",
      "description": "Multi-platform password manager",
      "install_id": "_1password-gui",
      "license": "Unfree",
      "locked_url": "https://github.com/flox/nixpkgs?rev=b73c2221a46c13557b1b3be9c2070cc42cf01eb3",
      "name": "1password-8.10.36",
      "pname": "_1password-gui",
      "rev": "b73c2221a46c13557b1b3be9c2070cc42cf01eb3",
      "rev_count": 658304,
      "rev_date": "2024-07-27T06:49:29Z",
      "scrape_date": "2024-07-28T01:13:17Z",
      "unfree": true,
      "version": "1password-8.10.36",
      "outputs_to_install": [
        "out"
      ],
      "outputs": {
        "out": "/nix/store/jmv8vf36kp2nzvkaniphhyqxyxraqpmz-1password-8.10.36"
      },
      "system": "aarch64-darwin",
      "group": "op-gui",
      "priority": 5
    },
    {
      "attr_path": "jq",
      "broken": false,
      "derivation": "/nix/store/0icmkwm3bm0bv72pcl6mfykxlk1z2l78-jq-1.7.1.drv",
      "description": "Lightweight and flexible command-line JSON processor",
      "install_id": "jq",
      "license": "MIT",
      "locked_url": "https://github.com/flox/nixpkgs?rev=799ba5bffed04ced7067a91798353d360788b30d",
      "name": "jq-1.7.1",
      "pname": "jq",
      "rev": "799ba5bffed04ced7067a91798353d360788b30d",
      "rev_count": 747653,
      "rev_date": "2025-02-04T14:46:40Z",
      "scrape_date": "2025-02-05T00:30:07Z",
      "stabilities": [
        "unstable"
      ],
      "unfree": false,
      "version": "1.7.1",
      "outputs_to_install": [
        "bin",
        "man"
      ],
      "outputs": {
        "bin": "/nix/store/ri8k487849v9b290iz384pi1lgw7n585-jq-1.7.1-bin",
        "dev": "/nix/store/n7880d10c16s05bzg4xh4ak9j7fz9440-jq-1.7.1-dev",
        "doc": "/nix/store/axim640z0z67x48qr8nq79qph5j3vj05-jq-1.7.1-doc",
        "man": "/nix/store/l9nf6sjs9hyvjfkmm9njw00mmvh88f6n-jq-1.7.1-man",
        "out": "/nix/store/sj86jzxi9p5pipih6fx7sw9pw6j54qbl-jq-1.7.1"
      },
      "system": "aarch64-darwin",
      "group": "toplevel",
      "priority": 5
    },
    {
      "attr_path": "ripgrep",
      "broken": false,
      "derivation": "/nix/store/f96a6l8clnx40ga6igpzkahjzmp9cqcp-ripgrep-14.1.1.drv",
      "description": "Utility that combines the usability of The Silver Searcher with the raw speed of grep",
      "install_id": "ripgrep",
      "license": "[ Unlicense, MIT ]",
      "locked_url": "https://github.com/flox/nixpkgs?rev=799ba5bffed04ced7067a91798353d360788b30d",
      "name": "ripgrep-14.1.1",
      "pname": "ripgrep",
      "rev": "799ba5bffed04ced7067a91798353d360788b30d",
      "rev_count": 747653,
      "rev_date": "2025-02-04T14:46:40Z",
      "scrape_date": "2025-02-05T00:30:07Z",
      "stabilities": [
        "unstable"
      ],
      "unfree": false,
      "version": "14.1.1",
      "outputs_to_install": [
        "out"
      ],
      "outputs": {
        "out": "/nix/store/wpxhqaa5k638f17yiav6mcbsawi5hh6h-ripgrep-14.1.1"
      },
      "system": "aarch64-darwin",
      "group": "toplevel",
      "priority": 5
    },
    {
      "install_id": "mac-app-util",
      "locked-url": "github:hraban/mac-app-util/548672d0cb661ce11d08ee8bde92b87d2a75c872?narHash=sha256-1fxvJZUznwrmEtYqpPuWi2tPcL9kj6v7p1J7ZZncAPE%3D",
      "locked-flake-attr-path": "packages.aarch64-darwin.default",
      "derivation": "/nix/store/p32yhqvs2982jlphpgh71kbfgdn447mv-mac-app-util.drv",
      "outputs": {
        "out": "/nix/store/jlf5di3w191wicrpqx0jh13k6z6d1430-mac-app-util"
      },
      "output-names": [
        "out"
      ],
      "outputs-to-install": [
        "out"
      ],
      "requested-outputs-to-install": [],
      "package-system": "aarch64-darwin",
      "system": "aarch64-darwin",
      "name": "mac-app-util",
      "licenses": [
        "AGPL-3.0-only"
      ],
      "broken": false,
      "unfree": false,
      "priority": 5
    }
  ]
}