{
  "lockfile-version": 1,
  "manifest": {
    "version": 1,
    "install": {
      "_1password-cli": {
        "pkg-path": "_1password-cli"
      },
      "jq": {
        "pkg-path": "jq"
      },
      "mac-app-util": {
        "flake": "github:hraban/mac-app-util",
        "systems": [
          "x86_64-darwin",
          "aarch64-darwin"
        ]
      },
      "ripgrep": {
        "pkg-path": "ripgrep"
      },
      "tmux": {
        "pkg-path": "tmux"
      }
    },
    "vars": {
      "OP_ACCOUNT": "my.1password.com",
      "OP_SECRETS": "ANTROPIC_API_KEY OPENAI_API_KEY",
      "OP_SECRETS_ITEM": "Terminal",
      "TMUX_SESSION_NAME": "flox-session"
    },
    "hook": {
      "on-activate": "\nload_flox_op () {\n  echo \"🔑 Loading secrets from 1Password\";\n  eval $(op --account $OP_ACCOUNT signin)\n  __SECRETS=\"$(op --account $OP_ACCOUNT item get $OP_SECRETS_ITEM --format json)\"\n  for secret in $OP_SECRETS; do\n    echo \"  󰐊 Exporting $secret secret\";\n    export $secret=$(echo $__SECRETS | jq -r \".fields[] | select(.label == \\\"$secret\\\") | .value\");\n  done\n  unset secret;\n  unset __SECRETS;\n}\n\nload_flox_macos () {\n  __ENV_NAME=$(echo $_FLOX_ACTIVE_ENVIRONMENTS | jq -r '.[0].pointer.name')\n  __ENV_APPS=\"$HOME/Applications/Flox ($__ENV_NAME) Apps\"\n  if [[ -d $__ENV_APPS ]]; then\n    rm -rf \"$__ENV_APPS\"\n  fi\n  if [ -d $FLOX_ENV/Applications ]; then \n    mac-app-util sync-trampolines \\\n      \"$FLOX_ENV/Applications\" \\\n      \"$__ENV_APPS\"\n  fi\n}\n\nload_flox_op\n\nif command -v mac-app-util 2>&1 >/dev/null; then\n  load_flox_macos\nfi\n"
    },
    "profile": {
      "common": "## Starting/Attaching to TMUX session\"\n##\n## 1. Check if the session already exists\n#tmux has-session -t $TMUX_SESSION_NAME 2>/dev/null\n##\n## 2. If the session doesn't exist, start a new one\n#if [ $? -ne 0 ]; then\n# echo \"Creating new session $TMUX_SESSION_NAME\"\n# tmux new-session -s $TMUX_SESSION_NAME -d\n#fi\n##\n## 3. If the session exists, reattach to it\n#if [ ! -n \"$NVIM_LISTEN_ADDRESS\" ] ; then\n#if [ \"$TERM_PROGRAM\" = tmux ]; then\n#  echo 'In tmux'\n#else\n#  echo 'Not in tmux'\n#fi\n##  echo \"Not inside neovim terminal\"\n##  if [ -n \"$TMUX\" ]; then\n##    tmux switch-client -t $TMUX_SESSION_NAME\n##  else\n##    tmux attach-session -t $TMUX_SESSION_NAME\n##  fi\n#fi\n"
    },
    "options": {
      "systems": [
        "aarch64-darwin",
        "aarch64-linux",
        "x86_64-darwin",
        "x86_64-linux"
      ]
    }
  },
  "packages": [
    {
      "attr_path": "_1password-cli",
      "broken": false,
      "derivation": "/nix/store/x85g1bhzp8skmhkrz6ikq1c2bv5lzshk-1password-cli-2.31.0.drv",
      "description": "1Password command-line tool",
      "install_id": "_1password-cli",
      "license": "Unfree",
      "locked_url": "https://github.com/flox/nixpkgs?rev=4faa5f5321320e49a78ae7848582f684d64783e9",
      "name": "1password-cli-2.31.0",
      "pname": "_1password-cli",
      "rev": "4faa5f5321320e49a78ae7848582f684d64783e9",
      "rev_count": 806853,
      "rev_date": "2025-05-27T18:28:29Z",
      "scrape_date": "2025-05-29T04:22:26.337921Z",
      "stabilities": [
        "unstable"
      ],
      "unfree": true,
      "version": "2.31.0",
      "outputs_to_install": [
        "out"
      ],
      "outputs": {
        "out": "/nix/store/ih2sl9797w93jiqci0b3cazxjs2xidq0-1password-cli-2.31.0"
      },
      "system": "aarch64-darwin",
      "group": "toplevel",
      "priority": 5
    },
    {
      "attr_path": "_1password-cli",
      "broken": false,
      "derivation": "/nix/store/ipayhz4cpgh5wmgq00jzmjhnqs570y55-1password-cli-2.31.0.drv",
      "description": "1Password command-line tool",
      "install_id": "_1password-cli",
      "license": "Unfree",
      "locked_url": "https://github.com/flox/nixpkgs?rev=4faa5f5321320e49a78ae7848582f684d64783e9",
      "name": "1password-cli-2.31.0",
      "pname": "_1password-cli",
      "rev": "4faa5f5321320e49a78ae7848582f684d64783e9",
      "rev_count": 806853,
      "rev_date": "2025-05-27T18:28:29Z",
      "scrape_date": "2025-05-29T04:39:56.378423Z",
      "stabilities": [
        "unstable"
      ],
      "unfree": true,
      "version": "2.31.0",
      "outputs_to_install": [
        "out"
      ],
      "outputs": {
        "out": "/nix/store/vq7kvb7ilry6madn4jywlzh2kp912k7v-1password-cli-2.31.0"
      },
      "system": "aarch64-linux",
      "group": "toplevel",
      "priority": 5
    },
    {
      "attr_path": "_1password-cli",
      "broken": false,
      "derivation": "/nix/store/shzjb4mgfy6yq3mh2lzr6szpvf3fl35z-1password-cli-2.31.0.drv",
      "description": "1Password command-line tool",
      "install_id": "_1password-cli",
      "license": "Unfree",
      "locked_url": "https://github.com/flox/nixpkgs?rev=4faa5f5321320e49a78ae7848582f684d64783e9",
      "name": "1password-cli-2.31.0",
      "pname": "_1password-cli",
      "rev": "4faa5f5321320e49a78ae7848582f684d64783e9",
      "rev_count": 806853,
      "rev_date": "2025-05-27T18:28:29Z",
      "scrape_date": "2025-05-29T04:56:01.720590Z",
      "stabilities": [
        "unstable"
      ],
      "unfree": true,
      "version": "2.31.0",
      "outputs_to_install": [
        "out"
      ],
      "outputs": {
        "out": "/nix/store/p9x6z2k7dw1m0hg9b5g6w828ry965616-1password-cli-2.31.0"
      },
      "system": "x86_64-darwin",
      "group": "toplevel",
      "priority": 5
    },
    {
      "attr_path": "_1password-cli",
      "broken": false,
      "derivation": "/nix/store/zgd7k2iyx9nk03pv7kdkrnn8na8ph06d-1password-cli-2.31.0.drv",
      "description": "1Password command-line tool",
      "install_id": "_1password-cli",
      "license": "Unfree",
      "locked_url": "https://github.com/flox/nixpkgs?rev=4faa5f5321320e49a78ae7848582f684d64783e9",
      "name": "1password-cli-2.31.0",
      "pname": "_1password-cli",
      "rev": "4faa5f5321320e49a78ae7848582f684d64783e9",
      "rev_count": 806853,
      "rev_date": "2025-05-27T18:28:29Z",
      "scrape_date": "2025-05-29T05:14:30.503987Z",
      "stabilities": [
        "unstable"
      ],
      "unfree": true,
      "version": "2.31.0",
      "outputs_to_install": [
        "out"
      ],
      "outputs": {
        "out": "/nix/store/8pxz6b7ana426rg0nkj2a91f91r4lsd0-1password-cli-2.31.0"
      },
      "system": "x86_64-linux",
      "group": "toplevel",
      "priority": 5
    },
    {
      "attr_path": "jq",
      "broken": false,
      "derivation": "/nix/store/0dyzz3zd17z5yygalrckaf6vjhis50sn-jq-1.7.1.drv",
      "description": "Lightweight and flexible command-line JSON processor",
      "install_id": "jq",
      "license": "MIT",
      "locked_url": "https://github.com/flox/nixpkgs?rev=4faa5f5321320e49a78ae7848582f684d64783e9",
      "name": "jq-1.7.1",
      "pname": "jq",
      "rev": "4faa5f5321320e49a78ae7848582f684d64783e9",
      "rev_count": 806853,
      "rev_date": "2025-05-27T18:28:29Z",
      "scrape_date": "2025-05-29T04:22:28.173838Z",
      "stabilities": [
        "unstable"
      ],
      "unfree": false,
      "version": "1.7.1",
      "outputs_to_install": [
        "bin",
        "man"
      ],
      "outputs": {
        "bin": "/nix/store/5v1yqacl2lhgbrzgvbmnxbxah9pdyp2s-jq-1.7.1-bin",
        "dev": "/nix/store/12zb2s8cmrbgi53sn09i8vkqr6i462h4-jq-1.7.1-dev",
        "doc": "/nix/store/awa9kq3h05l0bpc3gn1gzq4r9rspphsb-jq-1.7.1-doc",
        "man": "/nix/store/6zfpzcwd7m5pkf1bd3sdasjv0rxsxvjg-jq-1.7.1-man",
        "out": "/nix/store/2vawjsrd9bmavbm7rvsjbnjaf4hbd1bs-jq-1.7.1"
      },
      "system": "aarch64-darwin",
      "group": "toplevel",
      "priority": 5
    },
    {
      "attr_path": "jq",
      "broken": false,
      "derivation": "/nix/store/m9p67bisshyrjmg0v1cinpkg7rymr9hv-jq-1.7.1.drv",
      "description": "Lightweight and flexible command-line JSON processor",
      "install_id": "jq",
      "license": "MIT",
      "locked_url": "https://github.com/flox/nixpkgs?rev=4faa5f5321320e49a78ae7848582f684d64783e9",
      "name": "jq-1.7.1",
      "pname": "jq",
      "rev": "4faa5f5321320e49a78ae7848582f684d64783e9",
      "rev_count": 806853,
      "rev_date": "2025-05-27T18:28:29Z",
      "scrape_date": "2025-05-29T04:39:59.444169Z",
      "stabilities": [
        "unstable"
      ],
      "unfree": false,
      "version": "1.7.1",
      "outputs_to_install": [
        "bin",
        "man"
      ],
      "outputs": {
        "bin": "/nix/store/j6q3c3rzxhv3rz9y821qylgafi3jbsl8-jq-1.7.1-bin",
        "dev": "/nix/store/w7n2qywnma4af1m9xqz8y67rq0jn6an2-jq-1.7.1-dev",
        "doc": "/nix/store/c52b1v91c7pwxb58z79v2aa1x8bx8dpx-jq-1.7.1-doc",
        "man": "/nix/store/2n2vs2cb0slcj5a4i0l7pyv4fip8s6m9-jq-1.7.1-man",
        "out": "/nix/store/i06c1lzmf07gg33mjmfp0564inxplfq5-jq-1.7.1"
      },
      "system": "aarch64-linux",
      "group": "toplevel",
      "priority": 5
    },
    {
      "attr_path": "jq",
      "broken": false,
      "derivation": "/nix/store/gwai77aw7wrlp9701zs2wpnlli4k9yyg-jq-1.7.1.drv",
      "description": "Lightweight and flexible command-line JSON processor",
      "install_id": "jq",
      "license": "MIT",
      "locked_url": "https://github.com/flox/nixpkgs?rev=4faa5f5321320e49a78ae7848582f684d64783e9",
      "name": "jq-1.7.1",
      "pname": "jq",
      "rev": "4faa5f5321320e49a78ae7848582f684d64783e9",
      "rev_count": 806853,
      "rev_date": "2025-05-27T18:28:29Z",
      "scrape_date": "2025-05-29T04:56:03.178009Z",
      "stabilities": [
        "unstable"
      ],
      "unfree": false,
      "version": "1.7.1",
      "outputs_to_install": [
        "bin",
        "man"
      ],
      "outputs": {
        "bin": "/nix/store/if69q6bw49y67lv9f4bf78cgpf7xrnrb-jq-1.7.1-bin",
        "dev": "/nix/store/38vgg0iqwmhh8shn12ys3wqxv24gkq5n-jq-1.7.1-dev",
        "doc": "/nix/store/dvap16zqbcxmil71f6ivbpzx49z7brzx-jq-1.7.1-doc",
        "man": "/nix/store/0rsic796c75zmdaa3qw74676dgcibwan-jq-1.7.1-man",
        "out": "/nix/store/0gw2kw6zkvzg7zlqy4rrgdxjk13yg0z4-jq-1.7.1"
      },
      "system": "x86_64-darwin",
      "group": "toplevel",
      "priority": 5
    },
    {
      "attr_path": "jq",
      "broken": false,
      "derivation": "/nix/store/5db8f74lp79vjh3zijlwj5qm3azamz96-jq-1.7.1.drv",
      "description": "Lightweight and flexible command-line JSON processor",
      "install_id": "jq",
      "license": "MIT",
      "locked_url": "https://github.com/flox/nixpkgs?rev=4faa5f5321320e49a78ae7848582f684d64783e9",
      "name": "jq-1.7.1",
      "pname": "jq",
      "rev": "4faa5f5321320e49a78ae7848582f684d64783e9",
      "rev_count": 806853,
      "rev_date": "2025-05-27T18:28:29Z",
      "scrape_date": "2025-05-29T05:14:33.873230Z",
      "stabilities": [
        "unstable"
      ],
      "unfree": false,
      "version": "1.7.1",
      "outputs_to_install": [
        "bin",
        "man"
      ],
      "outputs": {
        "bin": "/nix/store/n9ch6ggimi6ri5vx62mqmzgrrkb3qfwg-jq-1.7.1-bin",
        "dev": "/nix/store/yika3khvh871bvk5sgpcxfdbqznyi3w0-jq-1.7.1-dev",
        "doc": "/nix/store/97zv95jlfnw4v3k0lyxmkmkqqjhx7np9-jq-1.7.1-doc",
        "man": "/nix/store/2dmx0pgvxjmqywg25rva6cgkz94icnw7-jq-1.7.1-man",
        "out": "/nix/store/sdqzcyfy52y0vf10nfsxy3mhv9b2vmkv-jq-1.7.1"
      },
      "system": "x86_64-linux",
      "group": "toplevel",
      "priority": 5
    },
    {
      "attr_path": "ripgrep",
      "broken": false,
      "derivation": "/nix/store/yrfl3f7ha8jyhk65vl1crq2k6rmx14ca-ripgrep-14.1.1.drv",
      "description": "Utility that combines the usability of The Silver Searcher with the raw speed of grep",
      "install_id": "ripgrep",
      "license": "[ Unlicense, MIT ]",
      "locked_url": "https://github.com/flox/nixpkgs?rev=4faa5f5321320e49a78ae7848582f684d64783e9",
      "name": "ripgrep-14.1.1",
      "pname": "ripgrep",
      "rev": "4faa5f5321320e49a78ae7848582f684d64783e9",
      "rev_count": 806853,
      "rev_date": "2025-05-27T18:28:29Z",
      "scrape_date": "2025-05-29T04:22:56.284383Z",
      "stabilities": [
        "unstable"
      ],
      "unfree": false,
      "version": "14.1.1",
      "outputs_to_install": [
        "out"
      ],
      "outputs": {
        "out": "/nix/store/7sm130rzasd97g50bclmbdvn0s6fdprs-ripgrep-14.1.1"
      },
      "system": "aarch64-darwin",
      "group": "toplevel",
      "priority": 5
    },
    {
      "attr_path": "ripgrep",
      "broken": false,
      "derivation": "/nix/store/vrppyz5i650b0nqi0y7hf5a7fclpyn6m-ripgrep-14.1.1.drv",
      "description": "Utility that combines the usability of The Silver Searcher with the raw speed of grep",
      "install_id": "ripgrep",
      "license": "[ Unlicense, MIT ]",
      "locked_url": "https://github.com/flox/nixpkgs?rev=4faa5f5321320e49a78ae7848582f684d64783e9",
      "name": "ripgrep-14.1.1",
      "pname": "ripgrep",
      "rev": "4faa5f5321320e49a78ae7848582f684d64783e9",
      "rev_count": 806853,
      "rev_date": "2025-05-27T18:28:29Z",
      "scrape_date": "2025-05-29T04:40:49.142359Z",
      "stabilities": [
        "unstable"
      ],
      "unfree": false,
      "version": "14.1.1",
      "outputs_to_install": [
        "out"
      ],
      "outputs": {
        "out": "/nix/store/qlxihgr9kihx2irnf2y3y4ra0m7v5dvd-ripgrep-14.1.1"
      },
      "system": "aarch64-linux",
      "group": "toplevel",
      "priority": 5
    },
    {
      "attr_path": "ripgrep",
      "broken": false,
      "derivation": "/nix/store/1sv53w6sz2dl4c3hb4k1hgzi5mq5qngf-ripgrep-14.1.1.drv",
      "description": "Utility that combines the usability of The Silver Searcher with the raw speed of grep",
      "install_id": "ripgrep",
      "license": "[ Unlicense, MIT ]",
      "locked_url": "https://github.com/flox/nixpkgs?rev=4faa5f5321320e49a78ae7848582f684d64783e9",
      "name": "ripgrep-14.1.1",
      "pname": "ripgrep",
      "rev": "4faa5f5321320e49a78ae7848582f684d64783e9",
      "rev_count": 806853,
      "rev_date": "2025-05-27T18:28:29Z",
      "scrape_date": "2025-05-29T04:56:31.346238Z",
      "stabilities": [
        "unstable"
      ],
      "unfree": false,
      "version": "14.1.1",
      "outputs_to_install": [
        "out"
      ],
      "outputs": {
        "out": "/nix/store/y4z3ny6dlkak2n00ycnmaywf71pfvsk6-ripgrep-14.1.1"
      },
      "system": "x86_64-darwin",
      "group": "toplevel",
      "priority": 5
    },
    {
      "attr_path": "ripgrep",
      "broken": false,
      "derivation": "/nix/store/shpvgqjp1d8f1sp0jhzm4b573m7xmrkf-ripgrep-14.1.1.drv",
      "description": "Utility that combines the usability of The Silver Searcher with the raw speed of grep",
      "install_id": "ripgrep",
      "license": "[ Unlicense, MIT ]",
      "locked_url": "https://github.com/flox/nixpkgs?rev=4faa5f5321320e49a78ae7848582f684d64783e9",
      "name": "ripgrep-14.1.1",
      "pname": "ripgrep",
      "rev": "4faa5f5321320e49a78ae7848582f684d64783e9",
      "rev_count": 806853,
      "rev_date": "2025-05-27T18:28:29Z",
      "scrape_date": "2025-05-29T05:15:27.914435Z",
      "stabilities": [
        "unstable"
      ],
      "unfree": false,
      "version": "14.1.1",
      "outputs_to_install": [
        "out"
      ],
      "outputs": {
        "out": "/nix/store/b9a4bfrb23fv03ysmqwybqcsc7iw97jf-ripgrep-14.1.1"
      },
      "system": "x86_64-linux",
      "group": "toplevel",
      "priority": 5
    },
    {
      "attr_path": "tmux",
      "broken": false,
      "derivation": "/nix/store/5ydmnwmpxvvzi2k6h7q6arvn0n5765dp-tmux-3.5a.drv",
      "description": "Terminal multiplexer",
      "install_id": "tmux",
      "license": "BSD-3-Clause",
      "locked_url": "https://github.com/flox/nixpkgs?rev=4faa5f5321320e49a78ae7848582f684d64783e9",
      "name": "tmux-3.5a",
      "pname": "tmux",
      "rev": "4faa5f5321320e49a78ae7848582f684d64783e9",
      "rev_count": 806853,
      "rev_date": "2025-05-27T18:28:29Z",
      "scrape_date": "2025-05-29T04:23:17.611076Z",
      "stabilities": [
        "unstable"
      ],
      "unfree": false,
      "version": "3.5a",
      "outputs_to_install": [
        "man",
        "out"
      ],
      "outputs": {
        "man": "/nix/store/sppflpqfis5pdqiqcnzryg0gad5g4sa3-tmux-3.5a-man",
        "out": "/nix/store/hj4r6y5nd1kh25c6xil1p4vxqvv5r7zk-tmux-3.5a"
      },
      "system": "aarch64-darwin",
      "group": "toplevel",
      "priority": 5
    },
    {
      "attr_path": "tmux",
      "broken": false,
      "derivation": "/nix/store/0fiwpdzr5qhwaah3hpslmvdnqv2hb31x-tmux-3.5a.drv",
      "description": "Terminal multiplexer",
      "install_id": "tmux",
      "license": "BSD-3-Clause",
      "locked_url": "https://github.com/flox/nixpkgs?rev=4faa5f5321320e49a78ae7848582f684d64783e9",
      "name": "tmux-3.5a",
      "pname": "tmux",
      "rev": "4faa5f5321320e49a78ae7848582f684d64783e9",
      "rev_count": 806853,
      "rev_date": "2025-05-27T18:28:29Z",
      "scrape_date": "2025-05-29T04:41:18.367982Z",
      "stabilities": [
        "unstable"
      ],
      "unfree": false,
      "version": "3.5a",
      "outputs_to_install": [
        "man",
        "out"
      ],
      "outputs": {
        "man": "/nix/store/gg38wzj54ss6k6057ydxil666d93zk54-tmux-3.5a-man",
        "out": "/nix/store/k8mrr2dyf16k92kapd49sdyhijs8ys33-tmux-3.5a"
      },
      "system": "aarch64-linux",
      "group": "toplevel",
      "priority": 5
    },
    {
      "attr_path": "tmux",
      "broken": false,
      "derivation": "/nix/store/sxshj20n11qhspm4l5fmpxjhffj2zq1v-tmux-3.5a.drv",
      "description": "Terminal multiplexer",
      "install_id": "tmux",
      "license": "BSD-3-Clause",
      "locked_url": "https://github.com/flox/nixpkgs?rev=4faa5f5321320e49a78ae7848582f684d64783e9",
      "name": "tmux-3.5a",
      "pname": "tmux",
      "rev": "4faa5f5321320e49a78ae7848582f684d64783e9",
      "rev_count": 806853,
      "rev_date": "2025-05-27T18:28:29Z",
      "scrape_date": "2025-05-29T04:56:52.714099Z",
      "stabilities": [
        "unstable"
      ],
      "unfree": false,
      "version": "3.5a",
      "outputs_to_install": [
        "man",
        "out"
      ],
      "outputs": {
        "man": "/nix/store/nz1m26y533187msgv1331c2p0yyc6aja-tmux-3.5a-man",
        "out": "/nix/store/066kykwz7ys1bc19h53l5s4gs4crn181-tmux-3.5a"
      },
      "system": "x86_64-darwin",
      "group": "toplevel",
      "priority": 5
    },
    {
      "attr_path": "tmux",
      "broken": false,
      "derivation": "/nix/store/jdiv8qwsaka3cynbaxyj75sgbnq0xfv1-tmux-3.5a.drv",
      "description": "Terminal multiplexer",
      "install_id": "tmux",
      "license": "BSD-3-Clause",
      "locked_url": "https://github.com/flox/nixpkgs?rev=4faa5f5321320e49a78ae7848582f684d64783e9",
      "name": "tmux-3.5a",
      "pname": "tmux",
      "rev": "4faa5f5321320e49a78ae7848582f684d64783e9",
      "rev_count": 806853,
      "rev_date": "2025-05-27T18:28:29Z",
      "scrape_date": "2025-05-29T05:15:59.043664Z",
      "stabilities": [
        "unstable"
      ],
      "unfree": false,
      "version": "3.5a",
      "outputs_to_install": [
        "man",
        "out"
      ],
      "outputs": {
        "man": "/nix/store/ygnjsj6pyi8ha8j945idvrj0a9ns8ici-tmux-3.5a-man",
        "out": "/nix/store/wx5b4j4xiir3pdccdnh6k2q13k3m8yhy-tmux-3.5a"
      },
      "system": "x86_64-linux",
      "group": "toplevel",
      "priority": 5
    },
    {
      "install_id": "mac-app-util",
      "locked-url": "github:hraban/mac-app-util/341ede93f290df7957047682482c298e47291b4d?narHash=sha256-aTM/2CrNN5utdVEQGsOA%2Bkl4UozgH7VPLBQL5OXtBrg%3D",
      "locked-flake-attr-path": "packages.x86_64-darwin.default",
      "derivation": "/nix/store/rf79rpcp65ylabbcik7pasz3x76yh721-mac-app-util.drv",
      "outputs": {
        "out": "/nix/store/fzi14gz2k2njp4y097bpp6ggwvhs9c2d-mac-app-util"
      },
      "output-names": [
        "out"
      ],
      "outputs-to-install": [
        "out"
      ],
      "requested-outputs-to-install": [],
      "package-system": "x86_64-darwin",
      "system": "x86_64-darwin",
      "name": "mac-app-util",
      "licenses": [
        "AGPL-3.0-only"
      ],
      "broken": false,
      "unfree": false,
      "priority": 5
    },
    {
      "install_id": "mac-app-util",
      "locked-url": "github:hraban/mac-app-util/341ede93f290df7957047682482c298e47291b4d?narHash=sha256-aTM/2CrNN5utdVEQGsOA%2Bkl4UozgH7VPLBQL5OXtBrg%3D",
      "locked-flake-attr-path": "packages.aarch64-darwin.default",
      "derivation": "/nix/store/kfjrl52wga87qr8n97f4rpsf0njxrnyx-mac-app-util.drv",
      "outputs": {
        "out": "/nix/store/fwgfpqmb7q7psa2wk5mxgiwk5qmqnywq-mac-app-util"
      },
      "output-names": [
        "out"
      ],
      "outputs-to-install": [
        "out"
      ],
      "requested-outputs-to-install": [],
      "package-system": "aarch64-darwin",
      "system": "aarch64-darwin",
      "name": "mac-app-util",
      "licenses": [
        "AGPL-3.0-only"
      ],
      "broken": false,
      "unfree": false,
      "priority": 5
    }
  ]
}