{
  "lockfile-version": 1,
  "manifest": {
    "version": 1,
    "install": {
      "_1password-cli": {
        "pkg-path": "_1password-cli"
      },
      "jq": {
        "pkg-path": "jq"
      },
      "mac-app-util": {
        "flake": "github:hraban/mac-app-util",
        "systems": [
          "x86_64-darwin",
          "aarch64-darwin"
        ]
      },
      "ripgrep": {
        "pkg-path": "ripgrep"
      },
      "tmux": {
        "pkg-path": "tmux"
      }
    },
    "vars": {
      "OP_ACCOUNT": "my.1password.com",
      "OP_SECRETS": "ANTROPIC_API_KEY OPENAI_API_KEY",
      "OP_SECRETS_ITEM": "Terminal",
      "TMUX_SESSION_NAME": "flox-session"
    },
    "hook": {
      "on-activate": "\nload_flox_op () {\n  echo \"🔑 Loading secrets from 1Password\";\n  eval $(op --account $OP_ACCOUNT signin)\n  __SECRETS=\"$(op --account $OP_ACCOUNT item get $OP_SECRETS_ITEM --format json)\"\n  for secret in $OP_SECRETS; do\n    echo \"  󰐊 Exporting $secret secret\";\n    export $secret=$(echo $__SECRETS | jq -r \".fields[] | select(.label == \\\"$secret\\\") | .value\");\n  done\n  unset secret;\n  unset __SECRETS;\n}\n\nload_flox_macos () {\n  __ENV_NAME=$(echo $_FLOX_ACTIVE_ENVIRONMENTS | jq -r '.[0].pointer.name')\n  __ENV_APPS=\"$HOME/Applications/Flox ($__ENV_NAME) Apps\"\n  if [[ -d $__ENV_APPS ]]; then\n    rm -rf \"$__ENV_APPS\"\n  fi\n  if [ -d $FLOX_ENV/Applications ]; then \n    mac-app-util sync-trampolines \\\n      \"$FLOX_ENV/Applications\" \\\n      \"$__ENV_APPS\"\n  fi\n}\n\nload_flox_op\n\nif command -v mac-app-util 2>&1 >/dev/null; then\n  load_flox_macos\nfi\n"
    },
    "profile": {
      "common": "## Starting/Attaching to TMUX session\"\n##\n## 1. Check if the session already exists\n#tmux has-session -t $TMUX_SESSION_NAME 2>/dev/null\n##\n## 2. If the session doesn't exist, start a new one\n#if [ $? -ne 0 ]; then\n# echo \"Creating new session $TMUX_SESSION_NAME\"\n# tmux new-session -s $TMUX_SESSION_NAME -d\n#fi\n##\n## 3. If the session exists, reattach to it\n#if [ ! -n \"$NVIM_LISTEN_ADDRESS\" ] ; then\n#if [ \"$TERM_PROGRAM\" = tmux ]; then\n#  echo 'In tmux'\n#else\n#  echo 'Not in tmux'\n#fi\n##  echo \"Not inside neovim terminal\"\n##  if [ -n \"$TMUX\" ]; then\n##    tmux switch-client -t $TMUX_SESSION_NAME\n##  else\n##    tmux attach-session -t $TMUX_SESSION_NAME\n##  fi\n#fi\n"
    },
    "options": {
      "systems": [
        "aarch64-darwin",
        "aarch64-linux",
        "x86_64-darwin",
        "x86_64-linux"
      ]
    }
  },
  "packages": [
    {
      "attr_path": "_1password-cli",
      "broken": false,
      "derivation": "/nix/store/zjsd4049x79d4mqw8y9jy85qqjlzr10p-1password-cli-2.31.1.drv",
      "description": "1Password command-line tool",
      "install_id": "_1password-cli",
      "license": "Unfree",
      "locked_url": "https://github.com/flox/nixpkgs?rev=7fd36ee82c0275fb545775cc5e4d30542899511d",
      "name": "1password-cli-2.31.1",
      "pname": "_1password-cli",
      "rev": "7fd36ee82c0275fb545775cc5e4d30542899511d",
      "rev_count": 834672,
      "rev_date": "2025-07-25T07:48:04Z",
      "scrape_date": "2025-07-27T00:28:20.246053Z",
      "stabilities": [
        "unstable"
      ],
      "unfree": true,
      "version": "2.31.1",
      "outputs_to_install": [
        "out"
      ],
      "outputs": {
        "out": "/nix/store/g7gzkirv6x4n1cmm2vfrw01rwdzb6siq-1password-cli-2.31.1"
      },
      "system": "aarch64-darwin",
      "group": "toplevel",
      "priority": 5
    },
    {
      "attr_path": "_1password-cli",
      "broken": false,
      "derivation": "/nix/store/19m91m0cl79abmfw19v35xmbv8vzjhpc-1password-cli-2.31.1.drv",
      "description": "1Password command-line tool",
      "install_id": "_1password-cli",
      "license": "Unfree",
      "locked_url": "https://github.com/flox/nixpkgs?rev=7fd36ee82c0275fb545775cc5e4d30542899511d",
      "name": "1password-cli-2.31.1",
      "pname": "_1password-cli",
      "rev": "7fd36ee82c0275fb545775cc5e4d30542899511d",
      "rev_count": 834672,
      "rev_date": "2025-07-25T07:48:04Z",
      "scrape_date": "2025-07-27T00:48:10.259562Z",
      "stabilities": [
        "unstable"
      ],
      "unfree": true,
      "version": "2.31.1",
      "outputs_to_install": [
        "out"
      ],
      "outputs": {
        "out": "/nix/store/bxamsf9wfd5gvn3811p5rwigl1wfs9vc-1password-cli-2.31.1"
      },
      "system": "aarch64-linux",
      "group": "toplevel",
      "priority": 5
    },
    {
      "attr_path": "_1password-cli",
      "broken": false,
      "derivation": "/nix/store/w7mrszx9x559wfaqrg8m2nngvfhq7pkd-1password-cli-2.31.1.drv",
      "description": "1Password command-line tool",
      "install_id": "_1password-cli",
      "license": "Unfree",
      "locked_url": "https://github.com/flox/nixpkgs?rev=7fd36ee82c0275fb545775cc5e4d30542899511d",
      "name": "1password-cli-2.31.1",
      "pname": "_1password-cli",
      "rev": "7fd36ee82c0275fb545775cc5e4d30542899511d",
      "rev_count": 834672,
      "rev_date": "2025-07-25T07:48:04Z",
      "scrape_date": "2025-07-27T01:06:53.994580Z",
      "stabilities": [
        "unstable"
      ],
      "unfree": true,
      "version": "2.31.1",
      "outputs_to_install": [
        "out"
      ],
      "outputs": {
        "out": "/nix/store/l50an4522mdvgc3vpiljl6vhj429y3yz-1password-cli-2.31.1"
      },
      "system": "x86_64-darwin",
      "group": "toplevel",
      "priority": 5
    },
    {
      "attr_path": "_1password-cli",
      "broken": false,
      "derivation": "/nix/store/bn3k3y1zpgdh5akr9mph2cld2ybl31gw-1password-cli-2.31.1.drv",
      "description": "1Password command-line tool",
      "install_id": "_1password-cli",
      "license": "Unfree",
      "locked_url": "https://github.com/flox/nixpkgs?rev=7fd36ee82c0275fb545775cc5e4d30542899511d",
      "name": "1password-cli-2.31.1",
      "pname": "_1password-cli",
      "rev": "7fd36ee82c0275fb545775cc5e4d30542899511d",
      "rev_count": 834672,
      "rev_date": "2025-07-25T07:48:04Z",
      "scrape_date": "2025-07-27T01:28:52.175545Z",
      "stabilities": [
        "unstable"
      ],
      "unfree": true,
      "version": "2.31.1",
      "outputs_to_install": [
        "out"
      ],
      "outputs": {
        "out": "/nix/store/39ijpzwcdjjmjiq54vpvnbw7a36wbmp5-1password-cli-2.31.1"
      },
      "system": "x86_64-linux",
      "group": "toplevel",
      "priority": 5
    },
    {
      "attr_path": "jq",
      "broken": false,
      "derivation": "/nix/store/dr7yiq7ia711401wd57gmkcs3zfmg88m-jq-1.8.1.drv",
      "description": "Lightweight and flexible command-line JSON processor",
      "install_id": "jq",
      "license": "MIT",
      "locked_url": "https://github.com/flox/nixpkgs?rev=7fd36ee82c0275fb545775cc5e4d30542899511d",
      "name": "jq-1.8.1",
      "pname": "jq",
      "rev": "7fd36ee82c0275fb545775cc5e4d30542899511d",
      "rev_count": 834672,
      "rev_date": "2025-07-25T07:48:04Z",
      "scrape_date": "2025-07-27T00:28:22.162082Z",
      "stabilities": [
        "unstable"
      ],
      "unfree": false,
      "version": "1.8.1",
      "outputs_to_install": [
        "bin",
        "man"
      ],
      "outputs": {
        "bin": "/nix/store/9g64fqz8v74v5ixgalm8a074jp754423-jq-1.8.1-bin",
        "dev": "/nix/store/97sbzpy66rngcyzdx2xnwc58fd4xanz2-jq-1.8.1-dev",
        "doc": "/nix/store/2hc8qfk7rp04hafsr260dri1bd6ywvgc-jq-1.8.1-doc",
        "man": "/nix/store/d6h860ssnqqm5pb18k7cha953j8v41rp-jq-1.8.1-man",
        "out": "/nix/store/5g1fsdjybk63bvnradhy861cv1j0zvbj-jq-1.8.1"
      },
      "system": "aarch64-darwin",
      "group": "toplevel",
      "priority": 5
    },
    {
      "attr_path": "jq",
      "broken": false,
      "derivation": "/nix/store/f1d1sh05n7k3cydvibz1b48zqllhf388-jq-1.8.1.drv",
      "description": "Lightweight and flexible command-line JSON processor",
      "install_id": "jq",
      "license": "MIT",
      "locked_url": "https://github.com/flox/nixpkgs?rev=7fd36ee82c0275fb545775cc5e4d30542899511d",
      "name": "jq-1.8.1",
      "pname": "jq",
      "rev": "7fd36ee82c0275fb545775cc5e4d30542899511d",
      "rev_count": 834672,
      "rev_date": "2025-07-25T07:48:04Z",
      "scrape_date": "2025-07-27T00:48:13.455925Z",
      "stabilities": [
        "unstable"
      ],
      "unfree": false,
      "version": "1.8.1",
      "outputs_to_install": [
        "bin",
        "man"
      ],
      "outputs": {
        "bin": "/nix/store/l5rpi6yjzh77xr06zw3npj5b4wh8nd2r-jq-1.8.1-bin",
        "dev": "/nix/store/lxkdipbc6lnyjfaxc8993p0f3awzaxv7-jq-1.8.1-dev",
        "doc": "/nix/store/1lln8d94np1gvpa4xd3a7s70hpxcrjja-jq-1.8.1-doc",
        "man": "/nix/store/df5cp877l2zda5hzs5aaj57nsb630mqj-jq-1.8.1-man",
        "out": "/nix/store/ywm87lf11xxj4qbc26sm466cy2krazhf-jq-1.8.1"
      },
      "system": "aarch64-linux",
      "group": "toplevel",
      "priority": 5
    },
    {
      "attr_path": "jq",
      "broken": false,
      "derivation": "/nix/store/6pkvznm6k9k945jk814s9ykvw006r1cr-jq-1.8.1.drv",
      "description": "Lightweight and flexible command-line JSON processor",
      "install_id": "jq",
      "license": "MIT",
      "locked_url": "https://github.com/flox/nixpkgs?rev=7fd36ee82c0275fb545775cc5e4d30542899511d",
      "name": "jq-1.8.1",
      "pname": "jq",
      "rev": "7fd36ee82c0275fb545775cc5e4d30542899511d",
      "rev_count": 834672,
      "rev_date": "2025-07-25T07:48:04Z",
      "scrape_date": "2025-07-27T01:06:55.494420Z",
      "stabilities": [
        "unstable"
      ],
      "unfree": false,
      "version": "1.8.1",
      "outputs_to_install": [
        "bin",
        "man"
      ],
      "outputs": {
        "bin": "/nix/store/97l9ssj90sn8aaggnqn2ds8jbwxbjkmv-jq-1.8.1-bin",
        "dev": "/nix/store/cbmrkzdp2rv163jj3m5415609jcg07qa-jq-1.8.1-dev",
        "doc": "/nix/store/z2cnrn59may5ngxgydjrhnsam4cl2chg-jq-1.8.1-doc",
        "man": "/nix/store/mm9hiakwqhmqrc0ajdwy9pld482a5xh6-jq-1.8.1-man",
        "out": "/nix/store/nvj03nflpfrpmza7cnnlyshvsnpa8hxc-jq-1.8.1"
      },
      "system": "x86_64-darwin",
      "group": "toplevel",
      "priority": 5
    },
    {
      "attr_path": "jq",
      "broken": false,
      "derivation": "/nix/store/n8hy5gvnrw0kzz6cjdhky3rxr0q024sh-jq-1.8.1.drv",
      "description": "Lightweight and flexible command-line JSON processor",
      "install_id": "jq",
      "license": "MIT",
      "locked_url": "https://github.com/flox/nixpkgs?rev=7fd36ee82c0275fb545775cc5e4d30542899511d",
      "name": "jq-1.8.1",
      "pname": "jq",
      "rev": "7fd36ee82c0275fb545775cc5e4d30542899511d",
      "rev_count": 834672,
      "rev_date": "2025-07-25T07:48:04Z",
      "scrape_date": "2025-07-27T01:28:55.798604Z",
      "stabilities": [
        "unstable"
      ],
      "unfree": false,
      "version": "1.8.1",
      "outputs_to_install": [
        "bin",
        "man"
      ],
      "outputs": {
        "bin": "/nix/store/ddvkwrb70cx04g7a42rlg6ka1j819kv4-jq-1.8.1-bin",
        "dev": "/nix/store/x0kva02y0iyh7l0qvnx3l8ci7ll1r5si-jq-1.8.1-dev",
        "doc": "/nix/store/fc6m4lbv9g4j1hfrx2yip2w83b4pjf42-jq-1.8.1-doc",
        "man": "/nix/store/mkpcj600czkqcr542ysi8pzssadl4yrc-jq-1.8.1-man",
        "out": "/nix/store/zrv91dsf75ixqjym4syy0f6g87wrziw7-jq-1.8.1"
      },
      "system": "x86_64-linux",
      "group": "toplevel",
      "priority": 5
    },
    {
      "attr_path": "ripgrep",
      "broken": false,
      "derivation": "/nix/store/q5rlfdnk23lz54bz7bhy1336wwwxjg0i-ripgrep-14.1.1.drv",
      "description": "Utility that combines the usability of The Silver Searcher with the raw speed of grep",
      "install_id": "ripgrep",
      "license": "[ Unlicense, MIT ]",
      "locked_url": "https://github.com/flox/nixpkgs?rev=7fd36ee82c0275fb545775cc5e4d30542899511d",
      "name": "ripgrep-14.1.1",
      "pname": "ripgrep",
      "rev": "7fd36ee82c0275fb545775cc5e4d30542899511d",
      "rev_count": 834672,
      "rev_date": "2025-07-25T07:48:04Z",
      "scrape_date": "2025-07-27T00:28:51.801942Z",
      "stabilities": [
        "unstable"
      ],
      "unfree": false,
      "version": "14.1.1",
      "outputs_to_install": [
        "out"
      ],
      "outputs": {
        "out": "/nix/store/lxv4lraggh0g9bjcaxf4qicar3q7i1rz-ripgrep-14.1.1"
      },
      "system": "aarch64-darwin",
      "group": "toplevel",
      "priority": 5
    },
    {
      "attr_path": "ripgrep",
      "broken": false,
      "derivation": "/nix/store/lfjaqvwliwgfg2sq1361rpi44n4r2mka-ripgrep-14.1.1.drv",
      "description": "Utility that combines the usability of The Silver Searcher with the raw speed of grep",
      "install_id": "ripgrep",
      "license": "[ Unlicense, MIT ]",
      "locked_url": "https://github.com/flox/nixpkgs?rev=7fd36ee82c0275fb545775cc5e4d30542899511d",
      "name": "ripgrep-14.1.1",
      "pname": "ripgrep",
      "rev": "7fd36ee82c0275fb545775cc5e4d30542899511d",
      "rev_count": 834672,
      "rev_date": "2025-07-25T07:48:04Z",
      "scrape_date": "2025-07-27T00:49:04.020890Z",
      "stabilities": [
        "unstable"
      ],
      "unfree": false,
      "version": "14.1.1",
      "outputs_to_install": [
        "out"
      ],
      "outputs": {
        "out": "/nix/store/i4dsm587azhml1cqf7agwd9dxgx52n5g-ripgrep-14.1.1"
      },
      "system": "aarch64-linux",
      "group": "toplevel",
      "priority": 5
    },
    {
      "attr_path": "ripgrep",
      "broken": false,
      "derivation": "/nix/store/63caj2gkxkhw8gc22wdy9wc4jn8lfy93-ripgrep-14.1.1.drv",
      "description": "Utility that combines the usability of The Silver Searcher with the raw speed of grep",
      "install_id": "ripgrep",
      "license": "[ Unlicense, MIT ]",
      "locked_url": "https://github.com/flox/nixpkgs?rev=7fd36ee82c0275fb545775cc5e4d30542899511d",
      "name": "ripgrep-14.1.1",
      "pname": "ripgrep",
      "rev": "7fd36ee82c0275fb545775cc5e4d30542899511d",
      "rev_count": 834672,
      "rev_date": "2025-07-25T07:48:04Z",
      "scrape_date": "2025-07-27T01:07:25.263495Z",
      "stabilities": [
        "unstable"
      ],
      "unfree": false,
      "version": "14.1.1",
      "outputs_to_install": [
        "out"
      ],
      "outputs": {
        "out": "/nix/store/sn28r34yalqqj7sp1qnjw8ldl30cjsz4-ripgrep-14.1.1"
      },
      "system": "x86_64-darwin",
      "group": "toplevel",
      "priority": 5
    },
    {
      "attr_path": "ripgrep",
      "broken": false,
      "derivation": "/nix/store/868vhg2y9gijy51gpy65ra2x8qc50n86-ripgrep-14.1.1.drv",
      "description": "Utility that combines the usability of The Silver Searcher with the raw speed of grep",
      "install_id": "ripgrep",
      "license": "[ Unlicense, MIT ]",
      "locked_url": "https://github.com/flox/nixpkgs?rev=7fd36ee82c0275fb545775cc5e4d30542899511d",
      "name": "ripgrep-14.1.1",
      "pname": "ripgrep",
      "rev": "7fd36ee82c0275fb545775cc5e4d30542899511d",
      "rev_count": 834672,
      "rev_date": "2025-07-25T07:48:04Z",
      "scrape_date": "2025-07-27T01:29:51.926918Z",
      "stabilities": [
        "unstable"
      ],
      "unfree": false,
      "version": "14.1.1",
      "outputs_to_install": [
        "out"
      ],
      "outputs": {
        "out": "/nix/store/8m8bfl2xl7vpr8qlibgb0cd3ybkkmn3j-ripgrep-14.1.1"
      },
      "system": "x86_64-linux",
      "group": "toplevel",
      "priority": 5
    },
    {
      "attr_path": "tmux",
      "broken": false,
      "derivation": "/nix/store/4k4r3jzb7awm81h6r1wgabc5qgjwx34m-tmux-3.5a.drv",
      "description": "Terminal multiplexer",
      "install_id": "tmux",
      "license": "BSD-3-Clause",
      "locked_url": "https://github.com/flox/nixpkgs?rev=7fd36ee82c0275fb545775cc5e4d30542899511d",
      "name": "tmux-3.5a",
      "pname": "tmux",
      "rev": "7fd36ee82c0275fb545775cc5e4d30542899511d",
      "rev_count": 834672,
      "rev_date": "2025-07-25T07:48:04Z",
      "scrape_date": "2025-07-27T00:29:13.792068Z",
      "stabilities": [
        "unstable"
      ],
      "unfree": false,
      "version": "3.5a",
      "outputs_to_install": [
        "man",
        "out"
      ],
      "outputs": {
        "man": "/nix/store/m5skyapp1g1kx9a6fyyhk8qxvrzbrazz-tmux-3.5a-man",
        "out": "/nix/store/dgp97xsw8kaz0y9gmp6ssh3lydj7s384-tmux-3.5a"
      },
      "system": "aarch64-darwin",
      "group": "toplevel",
      "priority": 5
    },
    {
      "attr_path": "tmux",
      "broken": false,
      "derivation": "/nix/store/bd4icy6d0kc20yq4rypm5nsdhivqmnmi-tmux-3.5a.drv",
      "description": "Terminal multiplexer",
      "install_id": "tmux",
      "license": "BSD-3-Clause",
      "locked_url": "https://github.com/flox/nixpkgs?rev=7fd36ee82c0275fb545775cc5e4d30542899511d",
      "name": "tmux-3.5a",
      "pname": "tmux",
      "rev": "7fd36ee82c0275fb545775cc5e4d30542899511d",
      "rev_count": 834672,
      "rev_date": "2025-07-25T07:48:04Z",
      "scrape_date": "2025-07-27T00:49:34.072001Z",
      "stabilities": [
        "unstable"
      ],
      "unfree": false,
      "version": "3.5a",
      "outputs_to_install": [
        "man",
        "out"
      ],
      "outputs": {
        "man": "/nix/store/9cjblzlqgg4jcl1scz2i00wqjnghk9ly-tmux-3.5a-man",
        "out": "/nix/store/qhsmmzrgiiz39rwnp3wpj3ph5r9zsfk2-tmux-3.5a"
      },
      "system": "aarch64-linux",
      "group": "toplevel",
      "priority": 5
    },
    {
      "attr_path": "tmux",
      "broken": false,
      "derivation": "/nix/store/426xlpapksk9lsqxa49cz5xwka5i43h4-tmux-3.5a.drv",
      "description": "Terminal multiplexer",
      "install_id": "tmux",
      "license": "BSD-3-Clause",
      "locked_url": "https://github.com/flox/nixpkgs?rev=7fd36ee82c0275fb545775cc5e4d30542899511d",
      "name": "tmux-3.5a",
      "pname": "tmux",
      "rev": "7fd36ee82c0275fb545775cc5e4d30542899511d",
      "rev_count": 834672,
      "rev_date": "2025-07-25T07:48:04Z",
      "scrape_date": "2025-07-27T01:07:47.427423Z",
      "stabilities": [
        "unstable"
      ],
      "unfree": false,
      "version": "3.5a",
      "outputs_to_install": [
        "man",
        "out"
      ],
      "outputs": {
        "man": "/nix/store/fb1cyf7da9fbm9vdcvz2ifn7ija0rsrm-tmux-3.5a-man",
        "out": "/nix/store/liyxp2vdvg7vxvzm5ppgf23dp47gmr9i-tmux-3.5a"
      },
      "system": "x86_64-darwin",
      "group": "toplevel",
      "priority": 5
    },
    {
      "attr_path": "tmux",
      "broken": false,
      "derivation": "/nix/store/jcl4nardmxskl07aymb01brf733rjjjx-tmux-3.5a.drv",
      "description": "Terminal multiplexer",
      "install_id": "tmux",
      "license": "BSD-3-Clause",
      "locked_url": "https://github.com/flox/nixpkgs?rev=7fd36ee82c0275fb545775cc5e4d30542899511d",
      "name": "tmux-3.5a",
      "pname": "tmux",
      "rev": "7fd36ee82c0275fb545775cc5e4d30542899511d",
      "rev_count": 834672,
      "rev_date": "2025-07-25T07:48:04Z",
      "scrape_date": "2025-07-27T01:30:24.621062Z",
      "stabilities": [
        "unstable"
      ],
      "unfree": false,
      "version": "3.5a",
      "outputs_to_install": [
        "man",
        "out"
      ],
      "outputs": {
        "man": "/nix/store/zd6zdinq7i0sz686fglh9gzj39y5n71j-tmux-3.5a-man",
        "out": "/nix/store/39cyncc5vcj1iqpg874wz8568nzddw5h-tmux-3.5a"
      },
      "system": "x86_64-linux",
      "group": "toplevel",
      "priority": 5
    },
    {
      "install_id": "mac-app-util",
      "locked-url": "github:hraban/mac-app-util/341ede93f290df7957047682482c298e47291b4d?narHash=sha256-aTM/2CrNN5utdVEQGsOA%2Bkl4UozgH7VPLBQL5OXtBrg%3D",
      "locked-flake-attr-path": "packages.x86_64-darwin.default",
      "derivation": "/nix/store/rf79rpcp65ylabbcik7pasz3x76yh721-mac-app-util.drv",
      "outputs": {
        "out": "/nix/store/fzi14gz2k2njp4y097bpp6ggwvhs9c2d-mac-app-util"
      },
      "output-names": [
        "out"
      ],
      "outputs-to-install": [
        "out"
      ],
      "requested-outputs-to-install": [],
      "package-system": "x86_64-darwin",
      "system": "x86_64-darwin",
      "name": "mac-app-util",
      "licenses": [
        "AGPL-3.0-only"
      ],
      "broken": false,
      "unfree": false,
      "priority": 5
    },
    {
      "install_id": "mac-app-util",
      "locked-url": "github:hraban/mac-app-util/341ede93f290df7957047682482c298e47291b4d?narHash=sha256-aTM/2CrNN5utdVEQGsOA%2Bkl4UozgH7VPLBQL5OXtBrg%3D",
      "locked-flake-attr-path": "packages.aarch64-darwin.default",
      "derivation": "/nix/store/kfjrl52wga87qr8n97f4rpsf0njxrnyx-mac-app-util.drv",
      "outputs": {
        "out": "/nix/store/fwgfpqmb7q7psa2wk5mxgiwk5qmqnywq-mac-app-util"
      },
      "output-names": [
        "out"
      ],
      "outputs-to-install": [
        "out"
      ],
      "requested-outputs-to-install": [],
      "package-system": "aarch64-darwin",
      "system": "aarch64-darwin",
      "name": "mac-app-util",
      "licenses": [
        "AGPL-3.0-only"
      ],
      "broken": false,
      "unfree": false,
      "priority": 5
    }
  ]
}